PODS:
  - ISDiskCache (0.1.1)
  - ISMemoryCache (0.0.4)
  - SSKeychain (1.2.1)
  - STTwitter (0.0.9)

DEPENDENCIES:
  - ISDiskCache
  - ISMemoryCache
  - SSKeychain
  - STTwitter

SPEC CHECKSUMS:
  ISDiskCache: 2d90d5418d50799b6073facdf56461e0b7ccfd61
  ISMemoryCache: a84d694bd67c2972181db2d5c7e6f8dc0c23c36c
  SSKeychain: d18926838c2e7cd342e2a49e9f869858e49f035a
  STTwitter: f155851b9b4d1a544740c2f4ae64918cd42235e2

COCOAPODS: 0.29.0
