PODS:
  - ISDiskCache (0.1.1)
  - ISHTTPOperation (1.1.1)
  - ISMemoryCache (0.0.4)
  - LVDebounce (0.0.4)
  - SSKeychain (1.2.1)
  - STTwitter (0.0.9)
  - SVProgressHUD (HEAD based on 1.0)

DEPENDENCIES:
  - ISDiskCache
  - ISHTTPOperation
  - ISMemoryCache
  - LVDebounce
  - SSKeychain
  - STTwitter
  - SVProgressHUD (HEAD)

SPEC CHECKSUMS:
  ISDiskCache: 83cea8b87ba0d73822cc0cce92a6496b65dd15cd
  ISHTTPOperation: dfc268703df15b98667c1d8bef9dcd60b6205195
  ISMemoryCache: a1c8aef4dac56b4f0689e28e60941b9760f941b8
  LVDebounce: 697df869ab4b11a543844acab021def0e1364d83
  SSKeychain: 63182d96667ab9ccd72cb6f19ccb06faec605710
  STTwitter: bc2c74ffeeff6ead7b03cfec0c5d9e6be2d54e56
  SVProgressHUD: 5034c6e22b8c2ca3e09402e48d41ed0340aa1c50

COCOAPODS: 0.33.1
