PODS:
  - ISDiskCache (0.1.1)
  - ISHTTPOperation (1.1.1)
  - ISMemoryCache (0.0.4)
  - SSKeychain (1.2.1)
  - STTwitter (0.0.9)

DEPENDENCIES:
  - ISDiskCache
  - ISHTTPOperation
  - ISMemoryCache
  - SSKeychain
  - STTwitter

SPEC CHECKSUMS:
  ISDiskCache: 83cea8b87ba0d73822cc0cce92a6496b65dd15cd
  ISHTTPOperation: dfc268703df15b98667c1d8bef9dcd60b6205195
  ISMemoryCache: a1c8aef4dac56b4f0689e28e60941b9760f941b8
  SSKeychain: 63182d96667ab9ccd72cb6f19ccb06faec605710
  STTwitter: bc2c74ffeeff6ead7b03cfec0c5d9e6be2d54e56

COCOAPODS: 0.32.1
