// !$*UTF8*$!
{
	archiveVersion = 1;
	classes = {
	};
	objectVersion = 46;
	objects = {

/* Begin PBXBuildFile section */
		3805DE3D1A5D8AC000FBD015 /* Toucan.framework in Frameworks */ = {isa = PBXBuildFile; fileRef = 3805DE3C1A5D8AC000FBD015 /* Toucan.framework */; };
		3805DE3E1A5D8AC000FBD015 /* Toucan.framework in Embed Frameworks */ = {isa = PBXBuildFile; fileRef = 3805DE3C1A5D8AC000FBD015 /* Toucan.framework */; settings = {ATTRIBUTES = (CodeSignOnCopy, RemoveHeadersOnCopy, ); }; };
		3805DE451A5D8DBD00FBD015 /* Reachability.swift in Sources */ = {isa = PBXBuildFile; fileRef = 3805DE441A5D8DBD00FBD015 /* Reachability.swift */; };
		3805DE871A5DAA1600FBD015 /* Async.swift in Sources */ = {isa = PBXBuildFile; fileRef = 3805DE861A5DAA1600FBD015 /* Async.swift */; };
		3805DE921A5F181900FBD015 /* ThemeUI.swift in Sources */ = {isa = PBXBuildFile; fileRef = 3805DE911A5F181900FBD015 /* ThemeUI.swift */; };
		3805DE941A5F193100FBD015 /* ThemeLight.swift in Sources */ = {isa = PBXBuildFile; fileRef = 3805DE931A5F193100FBD015 /* ThemeLight.swift */; };
		3805DE971A5F1C6A00FBD015 /* ThemeColor.swift in Sources */ = {isa = PBXBuildFile; fileRef = 3805DE961A5F1C6A00FBD015 /* ThemeColor.swift */; };
		3805DE991A5F20CB00FBD015 /* ThemeDark.swift in Sources */ = {isa = PBXBuildFile; fileRef = 3805DE981A5F20CB00FBD015 /* ThemeDark.swift */; };
		3805DE9B1A5FFCD400FBD015 /* Scheduler.swift in Sources */ = {isa = PBXBuildFile; fileRef = 3805DE9A1A5FFCD400FBD015 /* Scheduler.swift */; };
		3805DEA81A67F34900FBD015 /* ThemeMonokai.swift in Sources */ = {isa = PBXBuildFile; fileRef = 3805DEA71A67F34900FBD015 /* ThemeMonokai.swift */; };
		3805DEAA1A67F52400FBD015 /* ThemeSolarizedLight.swift in Sources */ = {isa = PBXBuildFile; fileRef = 3805DEA91A67F52400FBD015 /* ThemeSolarizedLight.swift */; };
		3805DEAC1A67F63300FBD015 /* ThemeSolarizedDark.swift in Sources */ = {isa = PBXBuildFile; fileRef = 3805DEAB1A67F63300FBD015 /* ThemeSolarizedDark.swift */; };
		381E6E0719D98A7300139654 /* AccountSettings.swift in Sources */ = {isa = PBXBuildFile; fileRef = 381E6E0619D98A7300139654 /* AccountSettings.swift */; };
		381E6E0819D98CA500139654 /* AccountSettings.swift in Sources */ = {isa = PBXBuildFile; fileRef = 381E6E0619D98A7300139654 /* AccountSettings.swift */; };
		381E6E7E19DE4FB000139654 /* Secret.swift in Sources */ = {isa = PBXBuildFile; fileRef = 381E6E7D19DE4FB000139654 /* Secret.swift */; };
		381E6E8019DE9DAB00139654 /* Twitter.swift in Sources */ = {isa = PBXBuildFile; fileRef = 381E6E7F19DE9DAB00139654 /* Twitter.swift */; };
		381E6E8319E2A56A00139654 /* TwitterStatusCell.xib in Resources */ = {isa = PBXBuildFile; fileRef = 381E6E8219E2A56A00139654 /* TwitterStatusCell.xib */; };
		381E6E8519E2A69200139654 /* TwitterStatusCell.swift in Sources */ = {isa = PBXBuildFile; fileRef = 381E6E8419E2A69200139654 /* TwitterStatusCell.swift */; };
		382340CE19D043C000554D8C /* AccountTests.swift in Sources */ = {isa = PBXBuildFile; fileRef = 382340CD19D043C000554D8C /* AccountTests.swift */; };
		382340D019D0451600554D8C /* FontSizeViewController.swift in Sources */ = {isa = PBXBuildFile; fileRef = 6AB55B4C19C8ADBE00DC6442 /* FontSizeViewController.swift */; };
		3868B94519EFCCC7001221BF /* TwitterDate.swift in Sources */ = {isa = PBXBuildFile; fileRef = 3868B94419EFCCC7001221BF /* TwitterDate.swift */; };
		3868B94719EFCCCF001221BF /* TwitterVia.swift in Sources */ = {isa = PBXBuildFile; fileRef = 3868B94619EFCCCF001221BF /* TwitterVia.swift */; };
		3868B94919EFCCD8001221BF /* TwitterUser.swift in Sources */ = {isa = PBXBuildFile; fileRef = 3868B94819EFCCD8001221BF /* TwitterUser.swift */; };
		3868B94B19EFCCE2001221BF /* TwitterURL.swift in Sources */ = {isa = PBXBuildFile; fileRef = 3868B94A19EFCCE2001221BF /* TwitterURL.swift */; };
		3868B94D19EFCCEC001221BF /* TwitterStatus.swift in Sources */ = {isa = PBXBuildFile; fileRef = 3868B94C19EFCCEC001221BF /* TwitterStatus.swift */; };
		3868B94E19EFCCF4001221BF /* TwitterDate.swift in Sources */ = {isa = PBXBuildFile; fileRef = 3868B94419EFCCC7001221BF /* TwitterDate.swift */; };
		3868B94F19EFCCF4001221BF /* TwitterVia.swift in Sources */ = {isa = PBXBuildFile; fileRef = 3868B94619EFCCCF001221BF /* TwitterVia.swift */; };
		3868B95019EFCCF4001221BF /* TwitterUser.swift in Sources */ = {isa = PBXBuildFile; fileRef = 3868B94819EFCCD8001221BF /* TwitterUser.swift */; };
		3868B95119EFCCF4001221BF /* TwitterURL.swift in Sources */ = {isa = PBXBuildFile; fileRef = 3868B94A19EFCCE2001221BF /* TwitterURL.swift */; };
		3868B95219EFCCF4001221BF /* TwitterStatus.swift in Sources */ = {isa = PBXBuildFile; fileRef = 3868B94C19EFCCEC001221BF /* TwitterStatus.swift */; };
		3868B95419EFCD5D001221BF /* TwitterMedia.swift in Sources */ = {isa = PBXBuildFile; fileRef = 3868B95319EFCD5D001221BF /* TwitterMedia.swift */; };
		3868B95519EFCF15001221BF /* TwitterMedia.swift in Sources */ = {isa = PBXBuildFile; fileRef = 3868B95319EFCD5D001221BF /* TwitterMedia.swift */; };
		3894C24C19E557120038AEF8 /* TimelineViewController.swift in Sources */ = {isa = PBXBuildFile; fileRef = 3894C24B19E557120038AEF8 /* TimelineViewController.swift */; };
		3894C24E19E557BF0038AEF8 /* TimelineViewController.xib in Resources */ = {isa = PBXBuildFile; fileRef = 3894C24D19E557BF0038AEF8 /* TimelineViewController.xib */; };
		3894C25019E55C770038AEF8 /* ViewTools.swift in Sources */ = {isa = PBXBuildFile; fileRef = 3894C24F19E55C770038AEF8 /* ViewTools.swift */; };
		3899C6AD1A5C441800F8AE87 /* NSOperationQueue-Serial.swift in Sources */ = {isa = PBXBuildFile; fileRef = 3899C6AC1A5C441800F8AE87 /* NSOperationQueue-Serial.swift */; };
		38A1A9A719F786EC0085EE12 /* TwitterHashtag.swift in Sources */ = {isa = PBXBuildFile; fileRef = 38A1A9A619F786EC0085EE12 /* TwitterHashtag.swift */; };
		38A1A9A819F787690085EE12 /* TwitterHashtag.swift in Sources */ = {isa = PBXBuildFile; fileRef = 38A1A9A619F786EC0085EE12 /* TwitterHashtag.swift */; };
		38A694F619E4E82A00DD6072 /* Secret.swift in Sources */ = {isa = PBXBuildFile; fileRef = 381E6E7D19DE4FB000139654 /* Secret.swift */; };
		38AB8BCD19F167D30065D869 /* ImageLoaderClient.swift in Sources */ = {isa = PBXBuildFile; fileRef = 38AB8BCC19F167D30065D869 /* ImageLoaderClient.swift */; };
		38AB8BCE19F6A1DE0065D869 /* SwifteriOS.framework in Frameworks */ = {isa = PBXBuildFile; fileRef = 381E6E7619DE47EC00139654 /* SwifteriOS.framework */; };
		38AB8BCF19F6A1DE0065D869 /* SwifteriOS.framework in Embed Frameworks */ = {isa = PBXBuildFile; fileRef = 381E6E7619DE47EC00139654 /* SwifteriOS.framework */; settings = {ATTRIBUTES = (CodeSignOnCopy, RemoveHeadersOnCopy, ); }; };
		38B4475D19C062460055F074 /* fontello.ttf in Resources */ = {isa = PBXBuildFile; fileRef = 38B4475C19C062460055F074 /* fontello.ttf */; };
		38B4475E19C062460055F074 /* fontello.ttf in Resources */ = {isa = PBXBuildFile; fileRef = 38B4475C19C062460055F074 /* fontello.ttf */; };
		38D6DDF71A5AC317001C94F7 /* EventBox.framework in Frameworks */ = {isa = PBXBuildFile; fileRef = 38D6DDF61A5AC317001C94F7 /* EventBox.framework */; };
		38D6DDF81A5AC317001C94F7 /* EventBox.framework in Embed Frameworks */ = {isa = PBXBuildFile; fileRef = 38D6DDF61A5AC317001C94F7 /* EventBox.framework */; settings = {ATTRIBUTES = (CodeSignOnCopy, RemoveHeadersOnCopy, ); }; };
		38F4EACF19F1176C00CBD23F /* AsyncOperation.swift in Sources */ = {isa = PBXBuildFile; fileRef = 38F4EACE19F1176C00CBD23F /* AsyncOperation.swift */; };
		38F4EAEC19F14E4700CBD23F /* RoundedFilter.swift in Sources */ = {isa = PBXBuildFile; fileRef = 38F4EAEB19F14E4700CBD23F /* RoundedFilter.swift */; };
		38F5E42D19C88F780041A489 /* AutoExpandTextView.swift in Sources */ = {isa = PBXBuildFile; fileRef = 38F5E42C19C88F780041A489 /* AutoExpandTextView.swift */; };
		38F7B8F319E5720F0081C735 /* TimelineTableViewController.swift in Sources */ = {isa = PBXBuildFile; fileRef = 38F7B8F219E5720F0081C735 /* TimelineTableViewController.swift */; };
		6A0A1D321A40B7D30035A03C /* Pinwheel.framework in Frameworks */ = {isa = PBXBuildFile; fileRef = 6A0A1D2F1A40B7310035A03C /* Pinwheel.framework */; };
		6A0A1D331A40B7D30035A03C /* Pinwheel.framework in Embed Frameworks */ = {isa = PBXBuildFile; fileRef = 6A0A1D2F1A40B7310035A03C /* Pinwheel.framework */; settings = {ATTRIBUTES = (CodeSignOnCopy, RemoveHeadersOnCopy, ); }; };
		6A3469BB1A699D21004AD091 /* RetweetAlert.swift in Sources */ = {isa = PBXBuildFile; fileRef = 6A3469BA1A699D21004AD091 /* RetweetAlert.swift */; };
		6A4B9D2F19BB514900D50D78 /* AppDelegate.swift in Sources */ = {isa = PBXBuildFile; fileRef = 6A4B9D2E19BB514900D50D78 /* AppDelegate.swift */; };
		6A4B9D3119BB514900D50D78 /* ViewController.swift in Sources */ = {isa = PBXBuildFile; fileRef = 6A4B9D3019BB514900D50D78 /* ViewController.swift */; };
		6A4B9D3419BB514900D50D78 /* Main.storyboard in Resources */ = {isa = PBXBuildFile; fileRef = 6A4B9D3219BB514900D50D78 /* Main.storyboard */; };
		6A4B9D3619BB514900D50D78 /* Images.xcassets in Resources */ = {isa = PBXBuildFile; fileRef = 6A4B9D3519BB514900D50D78 /* Images.xcassets */; };
		6A4B9D4219BB514900D50D78 /* JustawayTests.swift in Sources */ = {isa = PBXBuildFile; fileRef = 6A4B9D4119BB514900D50D78 /* JustawayTests.swift */; };
		6AB55B3E19C562CF00DC6442 /* EditorViewController.swift in Sources */ = {isa = PBXBuildFile; fileRef = 6AB55B3D19C562CF00DC6442 /* EditorViewController.swift */; };
		6AB55B4019C563F600DC6442 /* EditorViewController.xib in Resources */ = {isa = PBXBuildFile; fileRef = 6AB55B3F19C563F600DC6442 /* EditorViewController.xib */; };
		6AB55B4319C5843000DC6442 /* SettingsViewController.swift in Sources */ = {isa = PBXBuildFile; fileRef = 6AB55B4219C5843000DC6442 /* SettingsViewController.swift */; };
		6AB55B4519C584B300DC6442 /* SettingsViewController.xib in Resources */ = {isa = PBXBuildFile; fileRef = 6AB55B4419C584B300DC6442 /* SettingsViewController.xib */; };
		6AB55B4919C5984800DC6442 /* TransparentView.swift in Sources */ = {isa = PBXBuildFile; fileRef = 6AB55B4819C5984800DC6442 /* TransparentView.swift */; };
		6AB55B4D19C8ADBE00DC6442 /* FontSizeViewController.swift in Sources */ = {isa = PBXBuildFile; fileRef = 6AB55B4C19C8ADBE00DC6442 /* FontSizeViewController.swift */; };
		6AB55B4F19C8ADF600DC6442 /* FontSizeViewController.xib in Resources */ = {isa = PBXBuildFile; fileRef = 6AB55B4E19C8ADF600DC6442 /* FontSizeViewController.xib */; };
		6AB55B5119C8B2B200DC6442 /* ThemeViewController.swift in Sources */ = {isa = PBXBuildFile; fileRef = 6AB55B5019C8B2B200DC6442 /* ThemeViewController.swift */; };
		6AB55B5319C8B2D500DC6442 /* ThemeViewController.xib in Resources */ = {isa = PBXBuildFile; fileRef = 6AB55B5219C8B2D500DC6442 /* ThemeViewController.xib */; };
		6AB55B5519C9F1EB00DC6442 /* AccountViewController.swift in Sources */ = {isa = PBXBuildFile; fileRef = 6AB55B5419C9F1EB00DC6442 /* AccountViewController.swift */; };
		6AB55B5719C9F20B00DC6442 /* AccountViewController.xib in Resources */ = {isa = PBXBuildFile; fileRef = 6AB55B5619C9F20B00DC6442 /* AccountViewController.xib */; };
		6AB55B5A19D0B7B700DC6442 /* AccountSettingsStore.swift in Sources */ = {isa = PBXBuildFile; fileRef = 6AB55B5919D0B7B700DC6442 /* AccountSettingsStore.swift */; };
		6AB55B5B19D0CCD000DC6442 /* AccountSettingsStore.swift in Sources */ = {isa = PBXBuildFile; fileRef = 6AB55B5919D0B7B700DC6442 /* AccountSettingsStore.swift */; };
		6AB8CDEB1A29BB3B00D22268 /* TwitterTests.swift in Sources */ = {isa = PBXBuildFile; fileRef = 38A694F319E4E6E800DD6072 /* TwitterTests.swift */; };
		6AD963DD1A69AAC000136B53 /* StreamingAlert.swift in Sources */ = {isa = PBXBuildFile; fileRef = 6AD963DC1A69AAC000136B53 /* StreamingAlert.swift */; };
		6AD963E51A69ABBC00136B53 /* AlertController.swift in Sources */ = {isa = PBXBuildFile; fileRef = 6AD963E41A69ABBC00136B53 /* AlertController.swift */; };
		6ADB647A1A5348D800602B2B /* KeyClip.framework in Frameworks */ = {isa = PBXBuildFile; fileRef = 6ADB64771A5348D800602B2B /* KeyClip.framework */; };
		6ADB647B1A5348D800602B2B /* KeyClip.framework in Embed Frameworks */ = {isa = PBXBuildFile; fileRef = 6ADB64771A5348D800602B2B /* KeyClip.framework */; settings = {ATTRIBUTES = (CodeSignOnCopy, RemoveHeadersOnCopy, ); }; };
		6ADB648C1A5DD65800602B2B /* BaseButton.swift in Sources */ = {isa = PBXBuildFile; fileRef = 6ADB648B1A5DD65800602B2B /* BaseButton.swift */; };
		6ADB64901A5DE75A00602B2B /* Theme.swift in Sources */ = {isa = PBXBuildFile; fileRef = 6ADB648F1A5DE75A00602B2B /* Theme.swift */; };
/* End PBXBuildFile section */

/* Begin PBXContainerItemProxy section */
		381E6E7319DE47EC00139654 /* PBXContainerItemProxy */ = {
			isa = PBXContainerItemProxy;
			containerPortal = 381E6E6B19DE47EB00139654 /* Swifter.xcodeproj */;
			proxyType = 2;
			remoteGlobalIDString = 8B300C1F1944AA1A00993175;
			remoteInfo = SwifterDemoiOS;
		};
		381E6E7519DE47EC00139654 /* PBXContainerItemProxy */ = {
			isa = PBXContainerItemProxy;
			containerPortal = 381E6E6B19DE47EB00139654 /* Swifter.xcodeproj */;
			proxyType = 2;
			remoteGlobalIDString = 8B9F50EE1944A5AB00894629;
			remoteInfo = SwifteriOS;
		};
		381E6E7719DE47EC00139654 /* PBXContainerItemProxy */ = {
			isa = PBXContainerItemProxy;
			containerPortal = 381E6E6B19DE47EB00139654 /* Swifter.xcodeproj */;
			proxyType = 2;
			remoteGlobalIDString = 8B9F51131944A61D00894629;
			remoteInfo = SwifterMac;
		};
		381E6E7919DE47EC00139654 /* PBXContainerItemProxy */ = {
			isa = PBXContainerItemProxy;
			containerPortal = 381E6E6B19DE47EB00139654 /* Swifter.xcodeproj */;
			proxyType = 2;
			remoteGlobalIDString = 8B300C471944AECB00993175;
			remoteInfo = SwifterDemoMac;
		};
		381E6E7B19DE47EC00139654 /* PBXContainerItemProxy */ = {
			isa = PBXContainerItemProxy;
			containerPortal = 381E6E6B19DE47EB00139654 /* Swifter.xcodeproj */;
			proxyType = 2;
			remoteGlobalIDString = 8B300C5A1944AECB00993175;
			remoteInfo = SwifterDemoMacTests;
		};
		6A0A1D2E1A40B7310035A03C /* PBXContainerItemProxy */ = {
			isa = PBXContainerItemProxy;
			containerPortal = 6A0A1D291A40B7300035A03C /* Pinwheel.xcodeproj */;
			proxyType = 2;
			remoteGlobalIDString = 38E82B421A40747C00EFDC81;
			remoteInfo = Pinwheel;
		};
		6A0A1D301A40B7310035A03C /* PBXContainerItemProxy */ = {
			isa = PBXContainerItemProxy;
			containerPortal = 6A0A1D291A40B7300035A03C /* Pinwheel.xcodeproj */;
			proxyType = 2;
			remoteGlobalIDString = 38E82B4D1A40747C00EFDC81;
			remoteInfo = PinwheelTests;
		};
		6A0A1D341A40B7D30035A03C /* PBXContainerItemProxy */ = {
			isa = PBXContainerItemProxy;
			containerPortal = 6A0A1D291A40B7300035A03C /* Pinwheel.xcodeproj */;
			proxyType = 1;
			remoteGlobalIDString = 38E82B411A40747C00EFDC81;
			remoteInfo = Pinwheel;
		};
		6A4B9D3C19BB514900D50D78 /* PBXContainerItemProxy */ = {
			isa = PBXContainerItemProxy;
			containerPortal = 6A4B9D2119BB514900D50D78 /* Project object */;
			proxyType = 1;
			remoteGlobalIDString = 6A4B9D2819BB514900D50D78;
			remoteInfo = Justaway;
		};
/* End PBXContainerItemProxy section */

/* Begin PBXCopyFilesBuildPhase section */
		38AB8BD219F6A1DF0065D869 /* Embed Frameworks */ = {
			isa = PBXCopyFilesBuildPhase;
			buildActionMask = 2147483647;
			dstPath = "";
			dstSubfolderSpec = 10;
			files = (
				3805DE3E1A5D8AC000FBD015 /* Toucan.framework in Embed Frameworks */,
				38AB8BCF19F6A1DE0065D869 /* SwifteriOS.framework in Embed Frameworks */,
				38D6DDF81A5AC317001C94F7 /* EventBox.framework in Embed Frameworks */,
				6ADB647B1A5348D800602B2B /* KeyClip.framework in Embed Frameworks */,
				6A0A1D331A40B7D30035A03C /* Pinwheel.framework in Embed Frameworks */,
			);
			name = "Embed Frameworks";
			runOnlyForDeploymentPostprocessing = 0;
		};
/* End PBXCopyFilesBuildPhase section */

/* Begin PBXFileReference section */
		3805DE3C1A5D8AC000FBD015 /* Toucan.framework */ = {isa = PBXFileReference; lastKnownFileType = wrapper.framework; name = Toucan.framework; path = Carthage/Build/iOS/Toucan.framework; sourceTree = "<group>"; };
		3805DE441A5D8DBD00FBD015 /* Reachability.swift */ = {isa = PBXFileReference; fileEncoding = 4; lastKnownFileType = sourcecode.swift; name = Reachability.swift; path = Reachability.swift/Reachability.swift; sourceTree = "<group>"; };
		3805DE861A5DAA1600FBD015 /* Async.swift */ = {isa = PBXFileReference; fileEncoding = 4; lastKnownFileType = sourcecode.swift; name = Async.swift; path = Async/Async.swift; sourceTree = "<group>"; };
		3805DE911A5F181900FBD015 /* ThemeUI.swift */ = {isa = PBXFileReference; fileEncoding = 4; lastKnownFileType = sourcecode.swift; path = ThemeUI.swift; sourceTree = "<group>"; };
		3805DE931A5F193100FBD015 /* ThemeLight.swift */ = {isa = PBXFileReference; fileEncoding = 4; lastKnownFileType = sourcecode.swift; path = ThemeLight.swift; sourceTree = "<group>"; };
		3805DE961A5F1C6A00FBD015 /* ThemeColor.swift */ = {isa = PBXFileReference; fileEncoding = 4; lastKnownFileType = sourcecode.swift; path = ThemeColor.swift; sourceTree = "<group>"; };
		3805DE981A5F20CB00FBD015 /* ThemeDark.swift */ = {isa = PBXFileReference; fileEncoding = 4; lastKnownFileType = sourcecode.swift; path = ThemeDark.swift; sourceTree = "<group>"; };
		3805DE9A1A5FFCD400FBD015 /* Scheduler.swift */ = {isa = PBXFileReference; fileEncoding = 4; lastKnownFileType = sourcecode.swift; path = Scheduler.swift; sourceTree = "<group>"; };
		3805DEA71A67F34900FBD015 /* ThemeMonokai.swift */ = {isa = PBXFileReference; fileEncoding = 4; lastKnownFileType = sourcecode.swift; path = ThemeMonokai.swift; sourceTree = "<group>"; };
		3805DEA91A67F52400FBD015 /* ThemeSolarizedLight.swift */ = {isa = PBXFileReference; fileEncoding = 4; lastKnownFileType = sourcecode.swift; path = ThemeSolarizedLight.swift; sourceTree = "<group>"; };
		3805DEAB1A67F63300FBD015 /* ThemeSolarizedDark.swift */ = {isa = PBXFileReference; fileEncoding = 4; lastKnownFileType = sourcecode.swift; path = ThemeSolarizedDark.swift; sourceTree = "<group>"; };
		381E6E0619D98A7300139654 /* AccountSettings.swift */ = {isa = PBXFileReference; fileEncoding = 4; lastKnownFileType = sourcecode.swift; path = AccountSettings.swift; sourceTree = "<group>"; };
		381E6E6B19DE47EB00139654 /* Swifter.xcodeproj */ = {isa = PBXFileReference; lastKnownFileType = "wrapper.pb-project"; name = Swifter.xcodeproj; path = Swifter/Swifter.xcodeproj; sourceTree = "<group>"; };
		381E6E7D19DE4FB000139654 /* Secret.swift */ = {isa = PBXFileReference; fileEncoding = 4; lastKnownFileType = sourcecode.swift; path = Secret.swift; sourceTree = "<group>"; };
		381E6E7F19DE9DAB00139654 /* Twitter.swift */ = {isa = PBXFileReference; fileEncoding = 4; lastKnownFileType = sourcecode.swift; path = Twitter.swift; sourceTree = "<group>"; };
		381E6E8219E2A56A00139654 /* TwitterStatusCell.xib */ = {isa = PBXFileReference; fileEncoding = 4; lastKnownFileType = file.xib; path = TwitterStatusCell.xib; sourceTree = "<group>"; };
		381E6E8419E2A69200139654 /* TwitterStatusCell.swift */ = {isa = PBXFileReference; fileEncoding = 4; lastKnownFileType = sourcecode.swift; path = TwitterStatusCell.swift; sourceTree = "<group>"; };
		382340CD19D043C000554D8C /* AccountTests.swift */ = {isa = PBXFileReference; fileEncoding = 4; lastKnownFileType = sourcecode.swift; path = AccountTests.swift; sourceTree = "<group>"; };
		3868B94419EFCCC7001221BF /* TwitterDate.swift */ = {isa = PBXFileReference; fileEncoding = 4; lastKnownFileType = sourcecode.swift; path = TwitterDate.swift; sourceTree = "<group>"; };
		3868B94619EFCCCF001221BF /* TwitterVia.swift */ = {isa = PBXFileReference; fileEncoding = 4; lastKnownFileType = sourcecode.swift; path = TwitterVia.swift; sourceTree = "<group>"; };
		3868B94819EFCCD8001221BF /* TwitterUser.swift */ = {isa = PBXFileReference; fileEncoding = 4; lastKnownFileType = sourcecode.swift; path = TwitterUser.swift; sourceTree = "<group>"; };
		3868B94A19EFCCE2001221BF /* TwitterURL.swift */ = {isa = PBXFileReference; fileEncoding = 4; lastKnownFileType = sourcecode.swift; path = TwitterURL.swift; sourceTree = "<group>"; };
		3868B94C19EFCCEC001221BF /* TwitterStatus.swift */ = {isa = PBXFileReference; fileEncoding = 4; lastKnownFileType = sourcecode.swift; path = TwitterStatus.swift; sourceTree = "<group>"; };
		3868B95319EFCD5D001221BF /* TwitterMedia.swift */ = {isa = PBXFileReference; fileEncoding = 4; lastKnownFileType = sourcecode.swift; path = TwitterMedia.swift; sourceTree = "<group>"; };
		3894C24B19E557120038AEF8 /* TimelineViewController.swift */ = {isa = PBXFileReference; fileEncoding = 4; lastKnownFileType = sourcecode.swift; path = TimelineViewController.swift; sourceTree = "<group>"; };
		3894C24D19E557BF0038AEF8 /* TimelineViewController.xib */ = {isa = PBXFileReference; fileEncoding = 4; lastKnownFileType = file.xib; path = TimelineViewController.xib; sourceTree = "<group>"; };
		3894C24F19E55C770038AEF8 /* ViewTools.swift */ = {isa = PBXFileReference; fileEncoding = 4; lastKnownFileType = sourcecode.swift; path = ViewTools.swift; sourceTree = "<group>"; };
		3899C6AC1A5C441800F8AE87 /* NSOperationQueue-Serial.swift */ = {isa = PBXFileReference; fileEncoding = 4; lastKnownFileType = sourcecode.swift; path = "NSOperationQueue-Serial.swift"; sourceTree = "<group>"; };
		38A1A9A619F786EC0085EE12 /* TwitterHashtag.swift */ = {isa = PBXFileReference; fileEncoding = 4; lastKnownFileType = sourcecode.swift; path = TwitterHashtag.swift; sourceTree = "<group>"; };
		38A694F319E4E6E800DD6072 /* TwitterTests.swift */ = {isa = PBXFileReference; fileEncoding = 4; lastKnownFileType = sourcecode.swift; path = TwitterTests.swift; sourceTree = "<group>"; };
		38AB8BCC19F167D30065D869 /* ImageLoaderClient.swift */ = {isa = PBXFileReference; fileEncoding = 4; lastKnownFileType = sourcecode.swift; path = ImageLoaderClient.swift; sourceTree = "<group>"; };
		38B4475C19C062460055F074 /* fontello.ttf */ = {isa = PBXFileReference; lastKnownFileType = file; path = fontello.ttf; sourceTree = "<group>"; };
		38D6DDF61A5AC317001C94F7 /* EventBox.framework */ = {isa = PBXFileReference; lastKnownFileType = wrapper.framework; name = EventBox.framework; path = Carthage/Build/iOS/EventBox.framework; sourceTree = "<group>"; };
		38F4EACE19F1176C00CBD23F /* AsyncOperation.swift */ = {isa = PBXFileReference; fileEncoding = 4; lastKnownFileType = sourcecode.swift; path = AsyncOperation.swift; sourceTree = "<group>"; };
		38F4EAEB19F14E4700CBD23F /* RoundedFilter.swift */ = {isa = PBXFileReference; fileEncoding = 4; lastKnownFileType = sourcecode.swift; path = RoundedFilter.swift; sourceTree = "<group>"; };
		38F5E42C19C88F780041A489 /* AutoExpandTextView.swift */ = {isa = PBXFileReference; fileEncoding = 4; lastKnownFileType = sourcecode.swift; path = AutoExpandTextView.swift; sourceTree = "<group>"; };
		38F7B8F219E5720F0081C735 /* TimelineTableViewController.swift */ = {isa = PBXFileReference; fileEncoding = 4; lastKnownFileType = sourcecode.swift; path = TimelineTableViewController.swift; sourceTree = "<group>"; };
		6A0A1D291A40B7300035A03C /* Pinwheel.xcodeproj */ = {isa = PBXFileReference; lastKnownFileType = "wrapper.pb-project"; name = Pinwheel.xcodeproj; path = Pinwheel/Pinwheel.xcodeproj; sourceTree = "<group>"; };
		6A3469BA1A699D21004AD091 /* RetweetAlert.swift */ = {isa = PBXFileReference; fileEncoding = 4; lastKnownFileType = sourcecode.swift; path = RetweetAlert.swift; sourceTree = "<group>"; };
		6A4B9D2919BB514900D50D78 /* Justaway.app */ = {isa = PBXFileReference; explicitFileType = wrapper.application; includeInIndex = 0; path = Justaway.app; sourceTree = BUILT_PRODUCTS_DIR; };
		6A4B9D2D19BB514900D50D78 /* Info.plist */ = {isa = PBXFileReference; lastKnownFileType = text.plist.xml; path = Info.plist; sourceTree = "<group>"; };
		6A4B9D2E19BB514900D50D78 /* AppDelegate.swift */ = {isa = PBXFileReference; lastKnownFileType = sourcecode.swift; path = AppDelegate.swift; sourceTree = "<group>"; };
		6A4B9D3019BB514900D50D78 /* ViewController.swift */ = {isa = PBXFileReference; lastKnownFileType = sourcecode.swift; path = ViewController.swift; sourceTree = "<group>"; };
		6A4B9D3319BB514900D50D78 /* Base */ = {isa = PBXFileReference; lastKnownFileType = file.storyboard; name = Base; path = Base.lproj/Main.storyboard; sourceTree = "<group>"; };
		6A4B9D3519BB514900D50D78 /* Images.xcassets */ = {isa = PBXFileReference; lastKnownFileType = folder.assetcatalog; path = Images.xcassets; sourceTree = "<group>"; };
		6A4B9D3B19BB514900D50D78 /* JustawayTests.xctest */ = {isa = PBXFileReference; explicitFileType = wrapper.cfbundle; includeInIndex = 0; path = JustawayTests.xctest; sourceTree = BUILT_PRODUCTS_DIR; };
		6A4B9D4019BB514900D50D78 /* Info.plist */ = {isa = PBXFileReference; lastKnownFileType = text.plist.xml; path = Info.plist; sourceTree = "<group>"; };
		6A4B9D4119BB514900D50D78 /* JustawayTests.swift */ = {isa = PBXFileReference; lastKnownFileType = sourcecode.swift; path = JustawayTests.swift; sourceTree = "<group>"; };
		6AB55B3D19C562CF00DC6442 /* EditorViewController.swift */ = {isa = PBXFileReference; fileEncoding = 4; lastKnownFileType = sourcecode.swift; path = EditorViewController.swift; sourceTree = "<group>"; };
		6AB55B3F19C563F600DC6442 /* EditorViewController.xib */ = {isa = PBXFileReference; fileEncoding = 4; lastKnownFileType = file.xib; path = EditorViewController.xib; sourceTree = "<group>"; };
		6AB55B4219C5843000DC6442 /* SettingsViewController.swift */ = {isa = PBXFileReference; fileEncoding = 4; lastKnownFileType = sourcecode.swift; path = SettingsViewController.swift; sourceTree = "<group>"; };
		6AB55B4419C584B300DC6442 /* SettingsViewController.xib */ = {isa = PBXFileReference; fileEncoding = 4; lastKnownFileType = file.xib; path = SettingsViewController.xib; sourceTree = "<group>"; };
		6AB55B4819C5984800DC6442 /* TransparentView.swift */ = {isa = PBXFileReference; fileEncoding = 4; lastKnownFileType = sourcecode.swift; path = TransparentView.swift; sourceTree = "<group>"; };
		6AB55B4C19C8ADBE00DC6442 /* FontSizeViewController.swift */ = {isa = PBXFileReference; fileEncoding = 4; lastKnownFileType = sourcecode.swift; path = FontSizeViewController.swift; sourceTree = "<group>"; };
		6AB55B4E19C8ADF600DC6442 /* FontSizeViewController.xib */ = {isa = PBXFileReference; fileEncoding = 4; lastKnownFileType = file.xib; path = FontSizeViewController.xib; sourceTree = "<group>"; };
		6AB55B5019C8B2B200DC6442 /* ThemeViewController.swift */ = {isa = PBXFileReference; fileEncoding = 4; lastKnownFileType = sourcecode.swift; path = ThemeViewController.swift; sourceTree = "<group>"; };
		6AB55B5219C8B2D500DC6442 /* ThemeViewController.xib */ = {isa = PBXFileReference; fileEncoding = 4; lastKnownFileType = file.xib; path = ThemeViewController.xib; sourceTree = "<group>"; };
		6AB55B5419C9F1EB00DC6442 /* AccountViewController.swift */ = {isa = PBXFileReference; fileEncoding = 4; lastKnownFileType = sourcecode.swift; path = AccountViewController.swift; sourceTree = "<group>"; };
		6AB55B5619C9F20B00DC6442 /* AccountViewController.xib */ = {isa = PBXFileReference; fileEncoding = 4; lastKnownFileType = file.xib; path = AccountViewController.xib; sourceTree = "<group>"; };
		6AB55B5919D0B7B700DC6442 /* AccountSettingsStore.swift */ = {isa = PBXFileReference; fileEncoding = 4; lastKnownFileType = sourcecode.swift; path = AccountSettingsStore.swift; sourceTree = "<group>"; };
		6AD963DC1A69AAC000136B53 /* StreamingAlert.swift */ = {isa = PBXFileReference; fileEncoding = 4; lastKnownFileType = sourcecode.swift; path = StreamingAlert.swift; sourceTree = "<group>"; };
		6AD963E41A69ABBC00136B53 /* AlertController.swift */ = {isa = PBXFileReference; fileEncoding = 4; lastKnownFileType = sourcecode.swift; path = AlertController.swift; sourceTree = "<group>"; };
		6ADB64771A5348D800602B2B /* KeyClip.framework */ = {isa = PBXFileReference; lastKnownFileType = wrapper.framework; name = KeyClip.framework; path = Carthage/Build/iOS/KeyClip.framework; sourceTree = "<group>"; };
		6ADB648B1A5DD65800602B2B /* BaseButton.swift */ = {isa = PBXFileReference; fileEncoding = 4; lastKnownFileType = sourcecode.swift; path = BaseButton.swift; sourceTree = "<group>"; };
		6ADB648F1A5DE75A00602B2B /* Theme.swift */ = {isa = PBXFileReference; fileEncoding = 4; lastKnownFileType = sourcecode.swift; path = Theme.swift; sourceTree = "<group>"; };
/* End PBXFileReference section */

/* Begin PBXFrameworksBuildPhase section */
		6A4B9D2619BB514900D50D78 /* Frameworks */ = {
			isa = PBXFrameworksBuildPhase;
			buildActionMask = 2147483647;
			files = (
				3805DE3D1A5D8AC000FBD015 /* Toucan.framework in Frameworks */,
				38AB8BCE19F6A1DE0065D869 /* SwifteriOS.framework in Frameworks */,
				38D6DDF71A5AC317001C94F7 /* EventBox.framework in Frameworks */,
				6ADB647A1A5348D800602B2B /* KeyClip.framework in Frameworks */,
				6A0A1D321A40B7D30035A03C /* Pinwheel.framework in Frameworks */,
			);
			runOnlyForDeploymentPostprocessing = 0;
		};
		6A4B9D3819BB514900D50D78 /* Frameworks */ = {
			isa = PBXFrameworksBuildPhase;
			buildActionMask = 2147483647;
			files = (
			);
			runOnlyForDeploymentPostprocessing = 0;
		};
/* End PBXFrameworksBuildPhase section */

/* Begin PBXGroup section */
		3805DE461A5D8FE200FBD015 /* Libraries */ = {
			isa = PBXGroup;
			children = (
				3805DE861A5DAA1600FBD015 /* Async.swift */,
				3805DE441A5D8DBD00FBD015 /* Reachability.swift */,
			);
			name = Libraries;
			sourceTree = "<group>";
		};
		3805DE8A1A5F17E600FBD015 /* Theme */ = {
			isa = PBXGroup;
			children = (
				6ADB648F1A5DE75A00602B2B /* Theme.swift */,
				3805DE961A5F1C6A00FBD015 /* ThemeColor.swift */,
				3805DE911A5F181900FBD015 /* ThemeUI.swift */,
				3805DE931A5F193100FBD015 /* ThemeLight.swift */,
				3805DE981A5F20CB00FBD015 /* ThemeDark.swift */,
				3805DEA71A67F34900FBD015 /* ThemeMonokai.swift */,
				3805DEA91A67F52400FBD015 /* ThemeSolarizedLight.swift */,
				3805DEAB1A67F63300FBD015 /* ThemeSolarizedDark.swift */,
			);
			name = Theme;
			sourceTree = "<group>";
		};
		381E6E0919DD500700139654 /* Settings */ = {
			isa = PBXGroup;
			children = (
				381E6E0619D98A7300139654 /* AccountSettings.swift */,
				6AB55B5919D0B7B700DC6442 /* AccountSettingsStore.swift */,
			);
			name = Settings;
			sourceTree = "<group>";
		};
		381E6E6C19DE47EB00139654 /* Products */ = {
			isa = PBXGroup;
			children = (
				381E6E7419DE47EC00139654 /* SwifterDemoiOS.app */,
				381E6E7619DE47EC00139654 /* SwifteriOS.framework */,
				381E6E7819DE47EC00139654 /* SwifterMac.framework */,
				381E6E7A19DE47EC00139654 /* SwifterDemoMac.app */,
				381E6E7C19DE47EC00139654 /* SwifterDemoMacTests.xctest */,
			);
			name = Products;
			sourceTree = "<group>";
		};
		381E6E8119DE9DB300139654 /* Network */ = {
			isa = PBXGroup;
			children = (
				38AB8BC219F1678B0065D869 /* ImageLoader */,
				3868B94319EFCCB8001221BF /* Twitter */,
			);
			name = Network;
			sourceTree = "<group>";
		};
		382340C219D031FF00554D8C /* Models */ = {
			isa = PBXGroup;
			children = (
				3805DE8A1A5F17E600FBD015 /* Theme */,
				381E6E0919DD500700139654 /* Settings */,
			);
			name = Models;
			sourceTree = "<group>";
		};
		38373FE219C9477100DBCB24 /* Table */ = {
			isa = PBXGroup;
			children = (
				381E6E8419E2A69200139654 /* TwitterStatusCell.swift */,
				381E6E8219E2A56A00139654 /* TwitterStatusCell.xib */,
			);
			name = Table;
			sourceTree = "<group>";
		};
		3868B94319EFCCB8001221BF /* Twitter */ = {
			isa = PBXGroup;
			children = (
				381E6E7F19DE9DAB00139654 /* Twitter.swift */,
				38F1B0A819EFEB7900A3608E /* Entities */,
			);
			name = Twitter;
			sourceTree = "<group>";
		};
		3894C24A19E556070038AEF8 /* Timeline */ = {
			isa = PBXGroup;
			children = (
				38F7B8F219E5720F0081C735 /* TimelineTableViewController.swift */,
			);
			name = Timeline;
			sourceTree = "<group>";
		};
		38AB8BC219F1678B0065D869 /* ImageLoader */ = {
			isa = PBXGroup;
			children = (
				38AB8BCC19F167D30065D869 /* ImageLoaderClient.swift */,
				38F4EAEB19F14E4700CBD23F /* RoundedFilter.swift */,
			);
			name = ImageLoader;
			sourceTree = "<group>";
		};
		38F1B0A819EFEB7900A3608E /* Entities */ = {
			isa = PBXGroup;
			children = (
				3868B94419EFCCC7001221BF /* TwitterDate.swift */,
				3868B94619EFCCCF001221BF /* TwitterVia.swift */,
				3868B94819EFCCD8001221BF /* TwitterUser.swift */,
				3868B94A19EFCCE2001221BF /* TwitterURL.swift */,
				38A1A9A619F786EC0085EE12 /* TwitterHashtag.swift */,
				3868B94C19EFCCEC001221BF /* TwitterStatus.swift */,
				3868B95319EFCD5D001221BF /* TwitterMedia.swift */,
			);
			name = Entities;
			sourceTree = "<group>";
		};
		38F4EAD719F11BEE00CBD23F /* Operation */ = {
			isa = PBXGroup;
			children = (
				38F4EACE19F1176C00CBD23F /* AsyncOperation.swift */,
				3899C6AC1A5C441800F8AE87 /* NSOperationQueue-Serial.swift */,
			);
			name = Operation;
			sourceTree = "<group>";
		};
		6A0A1D2A1A40B7300035A03C /* Products */ = {
			isa = PBXGroup;
			children = (
				6A0A1D2F1A40B7310035A03C /* Pinwheel.framework */,
				6A0A1D311A40B7310035A03C /* PinwheelTests.xctest */,
			);
			name = Products;
			sourceTree = "<group>";
		};
		6A0B236719DC49A3004819BB /* OS */ = {
			isa = PBXGroup;
			children = (
				38F4EAD719F11BEE00CBD23F /* Operation */,
			);
			name = OS;
			sourceTree = "<group>";
		};
		6A3469B31A699CFF004AD091 /* Alert */ = {
			isa = PBXGroup;
			children = (
				6A3469BA1A699D21004AD091 /* RetweetAlert.swift */,
				6AD963DC1A69AAC000136B53 /* StreamingAlert.swift */,
				6AD963E41A69ABBC00136B53 /* AlertController.swift */,
			);
			name = Alert;
			sourceTree = "<group>";
		};
		6A4B9D2019BB514900D50D78 = {
			isa = PBXGroup;
			children = (
				6A4B9D2B19BB514900D50D78 /* Justaway */,
				6A4B9D3E19BB514900D50D78 /* JustawayTests */,
				3805DE461A5D8FE200FBD015 /* Libraries */,
				6AB8CDEE1A29C13700D22268 /* Frameworks */,
				6A4B9D2A19BB514900D50D78 /* Products */,
				6A0A1D291A40B7300035A03C /* Pinwheel.xcodeproj */,
				381E6E6B19DE47EB00139654 /* Swifter.xcodeproj */,
			);
			sourceTree = "<group>";
		};
		6A4B9D2A19BB514900D50D78 /* Products */ = {
			isa = PBXGroup;
			children = (
				6A4B9D2919BB514900D50D78 /* Justaway.app */,
				6A4B9D3B19BB514900D50D78 /* JustawayTests.xctest */,
			);
			name = Products;
			sourceTree = "<group>";
		};
		6A4B9D2B19BB514900D50D78 /* Justaway */ = {
			isa = PBXGroup;
			children = (
				6A4B9D2E19BB514900D50D78 /* AppDelegate.swift */,
				6A4B9D3219BB514900D50D78 /* Main.storyboard */,
				381E6E7D19DE4FB000139654 /* Secret.swift */,
				3894C24F19E55C770038AEF8 /* ViewTools.swift */,
				3805DE9A1A5FFCD400FBD015 /* Scheduler.swift */,
				6A0B236719DC49A3004819BB /* OS */,
				381E6E8119DE9DB300139654 /* Network */,
				382340C219D031FF00554D8C /* Models */,
				6AB55B4719C5982F00DC6442 /* Views */,
				6AB55B3C19C5629C00DC6442 /* ViewControllers */,
				6A4B9D3519BB514900D50D78 /* Images.xcassets */,
				6A4B9D2C19BB514900D50D78 /* Supporting Files */,
			);
			path = Justaway;
			sourceTree = "<group>";
		};
		6A4B9D2C19BB514900D50D78 /* Supporting Files */ = {
			isa = PBXGroup;
			children = (
				38B4475C19C062460055F074 /* fontello.ttf */,
				6A4B9D2D19BB514900D50D78 /* Info.plist */,
			);
			name = "Supporting Files";
			sourceTree = "<group>";
		};
		6A4B9D3E19BB514900D50D78 /* JustawayTests */ = {
			isa = PBXGroup;
			children = (
				6A4B9D4119BB514900D50D78 /* JustawayTests.swift */,
				382340CD19D043C000554D8C /* AccountTests.swift */,
				38A694F319E4E6E800DD6072 /* TwitterTests.swift */,
				6A4B9D3F19BB514900D50D78 /* Supporting Files */,
			);
			path = JustawayTests;
			sourceTree = "<group>";
		};
		6A4B9D3F19BB514900D50D78 /* Supporting Files */ = {
			isa = PBXGroup;
			children = (
				6A4B9D4019BB514900D50D78 /* Info.plist */,
			);
			name = "Supporting Files";
			sourceTree = "<group>";
		};
		6AB55B3C19C5629C00DC6442 /* ViewControllers */ = {
			isa = PBXGroup;
			children = (
				6A4B9D3019BB514900D50D78 /* ViewController.swift */,
				3894C24B19E557120038AEF8 /* TimelineViewController.swift */,
				3894C24D19E557BF0038AEF8 /* TimelineViewController.xib */,
				3894C24A19E556070038AEF8 /* Timeline */,
				6AB55B3D19C562CF00DC6442 /* EditorViewController.swift */,
				6AB55B3F19C563F600DC6442 /* EditorViewController.xib */,
				6AB55B4219C5843000DC6442 /* SettingsViewController.swift */,
				6AB55B4419C584B300DC6442 /* SettingsViewController.xib */,
				6AB55B4B19C8AC2A00DC6442 /* Settings */,
			);
			name = ViewControllers;
			sourceTree = "<group>";
		};
		6AB55B4719C5982F00DC6442 /* Views */ = {
			isa = PBXGroup;
			children = (
				6A3469B31A699CFF004AD091 /* Alert */,
				6AB55B4A19C8AA1600DC6442 /* Controls */,
				38373FE219C9477100DBCB24 /* Table */,
				6AB55B4819C5984800DC6442 /* TransparentView.swift */,
			);
			name = Views;
			sourceTree = "<group>";
		};
		6AB55B4A19C8AA1600DC6442 /* Controls */ = {
			isa = PBXGroup;
			children = (
				38F5E42C19C88F780041A489 /* AutoExpandTextView.swift */,
				6ADB648B1A5DD65800602B2B /* BaseButton.swift */,
			);
			name = Controls;
			sourceTree = "<group>";
		};
		6AB55B4B19C8AC2A00DC6442 /* Settings */ = {
			isa = PBXGroup;
			children = (
				6AB55B4C19C8ADBE00DC6442 /* FontSizeViewController.swift */,
				6AB55B4E19C8ADF600DC6442 /* FontSizeViewController.xib */,
				6AB55B5019C8B2B200DC6442 /* ThemeViewController.swift */,
				6AB55B5219C8B2D500DC6442 /* ThemeViewController.xib */,
				6AB55B5419C9F1EB00DC6442 /* AccountViewController.swift */,
				6AB55B5619C9F20B00DC6442 /* AccountViewController.xib */,
			);
			name = Settings;
			sourceTree = "<group>";
		};
		6AB8CDEE1A29C13700D22268 /* Frameworks */ = {
			isa = PBXGroup;
			children = (
				3805DE3C1A5D8AC000FBD015 /* Toucan.framework */,
				38D6DDF61A5AC317001C94F7 /* EventBox.framework */,
				6ADB64771A5348D800602B2B /* KeyClip.framework */,
			);
			name = Frameworks;
			sourceTree = "<group>";
		};
/* End PBXGroup section */

/* Begin PBXNativeTarget section */
		6A4B9D2819BB514900D50D78 /* Justaway */ = {
			isa = PBXNativeTarget;
			buildConfigurationList = 6A4B9D4519BB514900D50D78 /* Build configuration list for PBXNativeTarget "Justaway" */;
			buildPhases = (
				6A4B9D2519BB514900D50D78 /* Sources */,
				6A4B9D2619BB514900D50D78 /* Frameworks */,
				6A4B9D2719BB514900D50D78 /* Resources */,
				38AB8BD219F6A1DF0065D869 /* Embed Frameworks */,
			);
			buildRules = (
			);
			dependencies = (
				6A0A1D351A40B7D30035A03C /* PBXTargetDependency */,
			);
			name = Justaway;
			productName = Justaway;
			productReference = 6A4B9D2919BB514900D50D78 /* Justaway.app */;
			productType = "com.apple.product-type.application";
		};
		6A4B9D3A19BB514900D50D78 /* JustawayTests */ = {
			isa = PBXNativeTarget;
			buildConfigurationList = 6A4B9D4819BB514900D50D78 /* Build configuration list for PBXNativeTarget "JustawayTests" */;
			buildPhases = (
				6A4B9D3719BB514900D50D78 /* Sources */,
				6A4B9D3819BB514900D50D78 /* Frameworks */,
				6A4B9D3919BB514900D50D78 /* Resources */,
			);
			buildRules = (
			);
			dependencies = (
				6A4B9D3D19BB514900D50D78 /* PBXTargetDependency */,
			);
			name = JustawayTests;
			productName = JustawayTests;
			productReference = 6A4B9D3B19BB514900D50D78 /* JustawayTests.xctest */;
			productType = "com.apple.product-type.bundle.unit-test";
		};
/* End PBXNativeTarget section */

/* Begin PBXProject section */
		6A4B9D2119BB514900D50D78 /* Project object */ = {
			isa = PBXProject;
			attributes = {
				LastUpgradeCheck = 0610;
				ORGANIZATIONNAME = "Shinichiro Aska";
				TargetAttributes = {
					6A4B9D2819BB514900D50D78 = {
						CreatedOnToolsVersion = 6.0;
					};
					6A4B9D3A19BB514900D50D78 = {
						CreatedOnToolsVersion = 6.0;
						TestTargetID = 6A4B9D2819BB514900D50D78;
					};
				};
			};
			buildConfigurationList = 6A4B9D2419BB514900D50D78 /* Build configuration list for PBXProject "Justaway" */;
			compatibilityVersion = "Xcode 3.2";
			developmentRegion = English;
			hasScannedForEncodings = 0;
			knownRegions = (
				en,
				Base,
			);
			mainGroup = 6A4B9D2019BB514900D50D78;
			productRefGroup = 6A4B9D2A19BB514900D50D78 /* Products */;
			projectDirPath = "";
			projectReferences = (
				{
					ProductGroup = 6A0A1D2A1A40B7300035A03C /* Products */;
					ProjectRef = 6A0A1D291A40B7300035A03C /* Pinwheel.xcodeproj */;
				},
				{
					ProductGroup = 381E6E6C19DE47EB00139654 /* Products */;
					ProjectRef = 381E6E6B19DE47EB00139654 /* Swifter.xcodeproj */;
				},
			);
			projectRoot = "";
			targets = (
				6A4B9D2819BB514900D50D78 /* Justaway */,
				6A4B9D3A19BB514900D50D78 /* JustawayTests */,
			);
		};
/* End PBXProject section */

/* Begin PBXReferenceProxy section */
		381E6E7419DE47EC00139654 /* SwifterDemoiOS.app */ = {
			isa = PBXReferenceProxy;
			fileType = wrapper.application;
			path = SwifterDemoiOS.app;
			remoteRef = 381E6E7319DE47EC00139654 /* PBXContainerItemProxy */;
			sourceTree = BUILT_PRODUCTS_DIR;
		};
		381E6E7619DE47EC00139654 /* SwifteriOS.framework */ = {
			isa = PBXReferenceProxy;
			fileType = wrapper.framework;
			path = SwifteriOS.framework;
			remoteRef = 381E6E7519DE47EC00139654 /* PBXContainerItemProxy */;
			sourceTree = BUILT_PRODUCTS_DIR;
		};
		381E6E7819DE47EC00139654 /* SwifterMac.framework */ = {
			isa = PBXReferenceProxy;
			fileType = wrapper.framework;
			path = SwifterMac.framework;
			remoteRef = 381E6E7719DE47EC00139654 /* PBXContainerItemProxy */;
			sourceTree = BUILT_PRODUCTS_DIR;
		};
		381E6E7A19DE47EC00139654 /* SwifterDemoMac.app */ = {
			isa = PBXReferenceProxy;
			fileType = wrapper.application;
			path = SwifterDemoMac.app;
			remoteRef = 381E6E7919DE47EC00139654 /* PBXContainerItemProxy */;
			sourceTree = BUILT_PRODUCTS_DIR;
		};
		381E6E7C19DE47EC00139654 /* SwifterDemoMacTests.xctest */ = {
			isa = PBXReferenceProxy;
			fileType = wrapper.cfbundle;
			path = SwifterDemoMacTests.xctest;
			remoteRef = 381E6E7B19DE47EC00139654 /* PBXContainerItemProxy */;
			sourceTree = BUILT_PRODUCTS_DIR;
		};
		6A0A1D2F1A40B7310035A03C /* Pinwheel.framework */ = {
			isa = PBXReferenceProxy;
			fileType = wrapper.framework;
			path = Pinwheel.framework;
			remoteRef = 6A0A1D2E1A40B7310035A03C /* PBXContainerItemProxy */;
			sourceTree = BUILT_PRODUCTS_DIR;
		};
		6A0A1D311A40B7310035A03C /* PinwheelTests.xctest */ = {
			isa = PBXReferenceProxy;
			fileType = wrapper.cfbundle;
			path = PinwheelTests.xctest;
			remoteRef = 6A0A1D301A40B7310035A03C /* PBXContainerItemProxy */;
			sourceTree = BUILT_PRODUCTS_DIR;
		};
/* End PBXReferenceProxy section */

/* Begin PBXResourcesBuildPhase section */
		6A4B9D2719BB514900D50D78 /* Resources */ = {
			isa = PBXResourcesBuildPhase;
			buildActionMask = 2147483647;
			files = (
				6AB55B4F19C8ADF600DC6442 /* FontSizeViewController.xib in Resources */,
				6A4B9D3419BB514900D50D78 /* Main.storyboard in Resources */,
				6AB55B4019C563F600DC6442 /* EditorViewController.xib in Resources */,
				38B4475D19C062460055F074 /* fontello.ttf in Resources */,
				6AB55B5319C8B2D500DC6442 /* ThemeViewController.xib in Resources */,
				6A4B9D3619BB514900D50D78 /* Images.xcassets in Resources */,
				6AB55B5719C9F20B00DC6442 /* AccountViewController.xib in Resources */,
				3894C24E19E557BF0038AEF8 /* TimelineViewController.xib in Resources */,
				6AB55B4519C584B300DC6442 /* SettingsViewController.xib in Resources */,
				381E6E8319E2A56A00139654 /* TwitterStatusCell.xib in Resources */,
			);
			runOnlyForDeploymentPostprocessing = 0;
		};
		6A4B9D3919BB514900D50D78 /* Resources */ = {
			isa = PBXResourcesBuildPhase;
			buildActionMask = 2147483647;
			files = (
				38B4475E19C062460055F074 /* fontello.ttf in Resources */,
			);
			runOnlyForDeploymentPostprocessing = 0;
		};
/* End PBXResourcesBuildPhase section */

/* Begin PBXSourcesBuildPhase section */
		6A4B9D2519BB514900D50D78 /* Sources */ = {
			isa = PBXSourcesBuildPhase;
			buildActionMask = 2147483647;
			files = (
				3899C6AD1A5C441800F8AE87 /* NSOperationQueue-Serial.swift in Sources */,
				38F4EAEC19F14E4700CBD23F /* RoundedFilter.swift in Sources */,
				381E6E8519E2A69200139654 /* TwitterStatusCell.swift in Sources */,
				6AD963DD1A69AAC000136B53 /* StreamingAlert.swift in Sources */,
				6AB55B4919C5984800DC6442 /* TransparentView.swift in Sources */,
				3868B94B19EFCCE2001221BF /* TwitterURL.swift in Sources */,
				38AB8BCD19F167D30065D869 /* ImageLoaderClient.swift in Sources */,
				3805DE871A5DAA1600FBD015 /* Async.swift in Sources */,
				3894C25019E55C770038AEF8 /* ViewTools.swift in Sources */,
				6A3469BB1A699D21004AD091 /* RetweetAlert.swift in Sources */,
				3805DE941A5F193100FBD015 /* ThemeLight.swift in Sources */,
				6A4B9D3119BB514900D50D78 /* ViewController.swift in Sources */,
				3805DE451A5D8DBD00FBD015 /* Reachability.swift in Sources */,
				3868B95419EFCD5D001221BF /* TwitterMedia.swift in Sources */,
				38F5E42D19C88F780041A489 /* AutoExpandTextView.swift in Sources */,
				6AB55B3E19C562CF00DC6442 /* EditorViewController.swift in Sources */,
				6A4B9D2F19BB514900D50D78 /* AppDelegate.swift in Sources */,
				381E6E7E19DE4FB000139654 /* Secret.swift in Sources */,
				3868B94519EFCCC7001221BF /* TwitterDate.swift in Sources */,
				38A1A9A719F786EC0085EE12 /* TwitterHashtag.swift in Sources */,
				3894C24C19E557120038AEF8 /* TimelineViewController.swift in Sources */,
				3805DE921A5F181900FBD015 /* ThemeUI.swift in Sources */,
				381E6E0719D98A7300139654 /* AccountSettings.swift in Sources */,
				3805DE9B1A5FFCD400FBD015 /* Scheduler.swift in Sources */,
				38F4EACF19F1176C00CBD23F /* AsyncOperation.swift in Sources */,
				6AB55B4D19C8ADBE00DC6442 /* FontSizeViewController.swift in Sources */,
				6AB55B5119C8B2B200DC6442 /* ThemeViewController.swift in Sources */,
				3805DE991A5F20CB00FBD015 /* ThemeDark.swift in Sources */,
				6AD963E51A69ABBC00136B53 /* AlertController.swift in Sources */,
				381E6E8019DE9DAB00139654 /* Twitter.swift in Sources */,
				38F7B8F319E5720F0081C735 /* TimelineTableViewController.swift in Sources */,
				6AB55B5A19D0B7B700DC6442 /* AccountSettingsStore.swift in Sources */,
				3805DEAC1A67F63300FBD015 /* ThemeSolarizedDark.swift in Sources */,
				3868B94919EFCCD8001221BF /* TwitterUser.swift in Sources */,
				6ADB648C1A5DD65800602B2B /* BaseButton.swift in Sources */,
				3805DE971A5F1C6A00FBD015 /* ThemeColor.swift in Sources */,
				6ADB64901A5DE75A00602B2B /* Theme.swift in Sources */,
				6AB55B4319C5843000DC6442 /* SettingsViewController.swift in Sources */,
				3805DEAA1A67F52400FBD015 /* ThemeSolarizedLight.swift in Sources */,
				3868B94D19EFCCEC001221BF /* TwitterStatus.swift in Sources */,
				6AB55B5519C9F1EB00DC6442 /* AccountViewController.swift in Sources */,
				3805DEA81A67F34900FBD015 /* ThemeMonokai.swift in Sources */,
				3868B94719EFCCCF001221BF /* TwitterVia.swift in Sources */,
			);
			runOnlyForDeploymentPostprocessing = 0;
		};
		6A4B9D3719BB514900D50D78 /* Sources */ = {
			isa = PBXSourcesBuildPhase;
			buildActionMask = 2147483647;
			files = (
				3868B95519EFCF15001221BF /* TwitterMedia.swift in Sources */,
				382340D019D0451600554D8C /* FontSizeViewController.swift in Sources */,
				38A694F619E4E82A00DD6072 /* Secret.swift in Sources */,
				6A4B9D4219BB514900D50D78 /* JustawayTests.swift in Sources */,
				6AB8CDEB1A29BB3B00D22268 /* TwitterTests.swift in Sources */,
				382340CE19D043C000554D8C /* AccountTests.swift in Sources */,
				3868B95219EFCCF4001221BF /* TwitterStatus.swift in Sources */,
				38A1A9A819F787690085EE12 /* TwitterHashtag.swift in Sources */,
				6AB55B5B19D0CCD000DC6442 /* AccountSettingsStore.swift in Sources */,
				381E6E0819D98CA500139654 /* AccountSettings.swift in Sources */,
				3868B94E19EFCCF4001221BF /* TwitterDate.swift in Sources */,
				3868B95019EFCCF4001221BF /* TwitterUser.swift in Sources */,
				3868B95119EFCCF4001221BF /* TwitterURL.swift in Sources */,
				3868B94F19EFCCF4001221BF /* TwitterVia.swift in Sources */,
			);
			runOnlyForDeploymentPostprocessing = 0;
		};
/* End PBXSourcesBuildPhase section */

/* Begin PBXTargetDependency section */
		6A0A1D351A40B7D30035A03C /* PBXTargetDependency */ = {
			isa = PBXTargetDependency;
			name = Pinwheel;
			targetProxy = 6A0A1D341A40B7D30035A03C /* PBXContainerItemProxy */;
		};
		6A4B9D3D19BB514900D50D78 /* PBXTargetDependency */ = {
			isa = PBXTargetDependency;
			target = 6A4B9D2819BB514900D50D78 /* Justaway */;
			targetProxy = 6A4B9D3C19BB514900D50D78 /* PBXContainerItemProxy */;
		};
/* End PBXTargetDependency section */

/* Begin PBXVariantGroup section */
		6A4B9D3219BB514900D50D78 /* Main.storyboard */ = {
			isa = PBXVariantGroup;
			children = (
				6A4B9D3319BB514900D50D78 /* Base */,
			);
			name = Main.storyboard;
			sourceTree = "<group>";
		};
/* End PBXVariantGroup section */

/* Begin XCBuildConfiguration section */
		6A4B9D4319BB514900D50D78 /* Debug */ = {
			isa = XCBuildConfiguration;
			buildSettings = {
				ALWAYS_SEARCH_USER_PATHS = NO;
				CLANG_CXX_LANGUAGE_STANDARD = "gnu++0x";
				CLANG_CXX_LIBRARY = "libc++";
				CLANG_ENABLE_MODULES = YES;
				CLANG_ENABLE_OBJC_ARC = YES;
				CLANG_WARN_BOOL_CONVERSION = YES;
				CLANG_WARN_CONSTANT_CONVERSION = YES;
				CLANG_WARN_DIRECT_OBJC_ISA_USAGE = YES_ERROR;
				CLANG_WARN_EMPTY_BODY = YES;
				CLANG_WARN_ENUM_CONVERSION = YES;
				CLANG_WARN_INT_CONVERSION = YES;
				CLANG_WARN_OBJC_ROOT_CLASS = YES_ERROR;
				CLANG_WARN_UNREACHABLE_CODE = YES;
				CLANG_WARN__DUPLICATE_METHOD_MATCH = YES;
				"CODE_SIGN_IDENTITY[sdk=iphoneos*]" = "iPhone Developer";
				COPY_PHASE_STRIP = NO;
				ENABLE_STRICT_OBJC_MSGSEND = YES;
				GCC_C_LANGUAGE_STANDARD = gnu99;
				GCC_DYNAMIC_NO_PIC = NO;
				GCC_OPTIMIZATION_LEVEL = 0;
				GCC_PREPROCESSOR_DEFINITIONS = (
					"DEBUG=1",
					"$(inherited)",
				);
				GCC_SYMBOLS_PRIVATE_EXTERN = NO;
				GCC_WARN_64_TO_32_BIT_CONVERSION = YES;
				GCC_WARN_ABOUT_RETURN_TYPE = YES_ERROR;
				GCC_WARN_UNDECLARED_SELECTOR = YES;
				GCC_WARN_UNINITIALIZED_AUTOS = YES_AGGRESSIVE;
				GCC_WARN_UNUSED_FUNCTION = YES;
				GCC_WARN_UNUSED_VARIABLE = YES;
				IPHONEOS_DEPLOYMENT_TARGET = 8.0;
				MTL_ENABLE_DEBUG_INFO = YES;
				ONLY_ACTIVE_ARCH = YES;
				SDKROOT = iphoneos;
				SWIFT_OPTIMIZATION_LEVEL = "-Onone";
				TARGETED_DEVICE_FAMILY = "1,2";
			};
			name = Debug;
		};
		6A4B9D4419BB514900D50D78 /* Release */ = {
			isa = XCBuildConfiguration;
			buildSettings = {
				ALWAYS_SEARCH_USER_PATHS = NO;
				CLANG_CXX_LANGUAGE_STANDARD = "gnu++0x";
				CLANG_CXX_LIBRARY = "libc++";
				CLANG_ENABLE_MODULES = YES;
				CLANG_ENABLE_OBJC_ARC = YES;
				CLANG_WARN_BOOL_CONVERSION = YES;
				CLANG_WARN_CONSTANT_CONVERSION = YES;
				CLANG_WARN_DIRECT_OBJC_ISA_USAGE = YES_ERROR;
				CLANG_WARN_EMPTY_BODY = YES;
				CLANG_WARN_ENUM_CONVERSION = YES;
				CLANG_WARN_INT_CONVERSION = YES;
				CLANG_WARN_OBJC_ROOT_CLASS = YES_ERROR;
				CLANG_WARN_UNREACHABLE_CODE = YES;
				CLANG_WARN__DUPLICATE_METHOD_MATCH = YES;
				"CODE_SIGN_IDENTITY[sdk=iphoneos*]" = "iPhone Developer";
				COPY_PHASE_STRIP = YES;
				ENABLE_NS_ASSERTIONS = NO;
				ENABLE_STRICT_OBJC_MSGSEND = YES;
				GCC_C_LANGUAGE_STANDARD = gnu99;
				GCC_WARN_64_TO_32_BIT_CONVERSION = YES;
				GCC_WARN_ABOUT_RETURN_TYPE = YES_ERROR;
				GCC_WARN_UNDECLARED_SELECTOR = YES;
				GCC_WARN_UNINITIALIZED_AUTOS = YES_AGGRESSIVE;
				GCC_WARN_UNUSED_FUNCTION = YES;
				GCC_WARN_UNUSED_VARIABLE = YES;
				IPHONEOS_DEPLOYMENT_TARGET = 8.0;
				MTL_ENABLE_DEBUG_INFO = NO;
				SDKROOT = iphoneos;
				TARGETED_DEVICE_FAMILY = "1,2";
				VALIDATE_PRODUCT = YES;
			};
			name = Release;
		};
		6A4B9D4619BB514900D50D78 /* Debug */ = {
			isa = XCBuildConfiguration;
			buildSettings = {
				ASSETCATALOG_COMPILER_APPICON_NAME = AppIcon;
				ASSETCATALOG_COMPILER_LAUNCHIMAGE_NAME = LaunchImage;
				FRAMEWORK_SEARCH_PATHS = (
					"$(inherited)",
					"$(PROJECT_DIR)/Carthage/Build/iOS",
				);
				INFOPLIST_FILE = Justaway/Info.plist;
				IPHONEOS_DEPLOYMENT_TARGET = 8.0;
				LD_RUNPATH_SEARCH_PATHS = "$(inherited) @executable_path/Frameworks";
				PRODUCT_NAME = "$(TARGET_NAME)";
				SWIFT_OPTIMIZATION_LEVEL = "-Onone";
			};
			name = Debug;
		};
		6A4B9D4719BB514900D50D78 /* Release */ = {
			isa = XCBuildConfiguration;
			buildSettings = {
				ASSETCATALOG_COMPILER_APPICON_NAME = AppIcon;
				ASSETCATALOG_COMPILER_LAUNCHIMAGE_NAME = LaunchImage;
				FRAMEWORK_SEARCH_PATHS = (
					"$(inherited)",
					"$(PROJECT_DIR)/Carthage/Build/iOS",
				);
				INFOPLIST_FILE = Justaway/Info.plist;
				IPHONEOS_DEPLOYMENT_TARGET = 8.0;
				LD_RUNPATH_SEARCH_PATHS = "$(inherited) @executable_path/Frameworks";
				PRODUCT_NAME = "$(TARGET_NAME)";
				SWIFT_OPTIMIZATION_LEVEL = "-O";
			};
			name = Release;
		};
		6A4B9D4919BB514900D50D78 /* Debug */ = {
			isa = XCBuildConfiguration;
			buildSettings = {
				BUNDLE_LOADER = "$(TEST_HOST)";
				FRAMEWORK_SEARCH_PATHS = (
					"$(SDKROOT)/Developer/Library/Frameworks",
					"$(inherited)",
					"$(PROJECT_DIR)/Carthage/Build/iOS",
				);
				GCC_PREPROCESSOR_DEFINITIONS = (
					"DEBUG=1",
					"$(inherited)",
				);
				INFOPLIST_FILE = JustawayTests/Info.plist;
				LD_RUNPATH_SEARCH_PATHS = "$(inherited) @executable_path/Frameworks @loader_path/Frameworks";
				PRODUCT_NAME = "$(TARGET_NAME)";
				TEST_HOST = "$(BUILT_PRODUCTS_DIR)/Justaway.app/Justaway";
			};
			name = Debug;
		};
		6A4B9D4A19BB514900D50D78 /* Release */ = {
			isa = XCBuildConfiguration;
			buildSettings = {
				BUNDLE_LOADER = "$(TEST_HOST)";
				FRAMEWORK_SEARCH_PATHS = (
					"$(SDKROOT)/Developer/Library/Frameworks",
					"$(inherited)",
					"$(PROJECT_DIR)/Carthage/Build/iOS",
				);
				INFOPLIST_FILE = JustawayTests/Info.plist;
				LD_RUNPATH_SEARCH_PATHS = "$(inherited) @executable_path/Frameworks @loader_path/Frameworks";
				PRODUCT_NAME = "$(TARGET_NAME)";
				TEST_HOST = "$(BUILT_PRODUCTS_DIR)/Justaway.app/Justaway";
			};
			name = Release;
		};
/* End XCBuildConfiguration section */

/* Begin XCConfigurationList section */
		6A4B9D2419BB514900D50D78 /* Build configuration list for PBXProject "Justaway" */ = {
			isa = XCConfigurationList;
			buildConfigurations = (
				6A4B9D4319BB514900D50D78 /* Debug */,
				6A4B9D4419BB514900D50D78 /* Release */,
			);
			defaultConfigurationIsVisible = 0;
			defaultConfigurationName = Release;
		};
		6A4B9D4519BB514900D50D78 /* Build configuration list for PBXNativeTarget "Justaway" */ = {
			isa = XCConfigurationList;
			buildConfigurations = (
				6A4B9D4619BB514900D50D78 /* Debug */,
				6A4B9D4719BB514900D50D78 /* Release */,
			);
			defaultConfigurationIsVisible = 0;
			defaultConfigurationName = Release;
		};
		6A4B9D4819BB514900D50D78 /* Build configuration list for PBXNativeTarget "JustawayTests" */ = {
			isa = XCConfigurationList;
			buildConfigurations = (
				6A4B9D4919BB514900D50D78 /* Debug */,
				6A4B9D4A19BB514900D50D78 /* Release */,
			);
			defaultConfigurationIsVisible = 0;
			defaultConfigurationName = Release;
		};
/* End XCConfigurationList section */
	};
	rootObject = 6A4B9D2119BB514900D50D78 /* Project object */;
}
